// !$*UTF8*$!
{
	archiveVersion = 1;
	classes = {
	};
	objectVersion = 46;
	objects = {

/* Begin PBXBuildFile section */
		0D66510119CB745B009954BF /* TDLToDoItem.m in Sources */ = {isa = PBXBuildFile; fileRef = 0D66510019CB745B009954BF /* TDLToDoItem.m */; };
		0D694FB719B0E69C0035AA76 /* TDLAddToDoItemViewController.m in Sources */ = {isa = PBXBuildFile; fileRef = 0D694FB619B0E69C0035AA76 /* TDLAddToDoItemViewController.m */; };
		0D694FBA19B0E9260035AA76 /* TDLToDoListTableViewController.m in Sources */ = {isa = PBXBuildFile; fileRef = 0D694FB919B0E9260035AA76 /* TDLToDoListTableViewController.m */; };
		0D7FA8FC19AF7ED900E377ED /* Foundation.framework in Frameworks */ = {isa = PBXBuildFile; fileRef = 0D7FA8FB19AF7ED900E377ED /* Foundation.framework */; };
		0D7FA8FE19AF7ED900E377ED /* CoreGraphics.framework in Frameworks */ = {isa = PBXBuildFile; fileRef = 0D7FA8FD19AF7ED900E377ED /* CoreGraphics.framework */; };
		0D7FA90019AF7ED900E377ED /* UIKit.framework in Frameworks */ = {isa = PBXBuildFile; fileRef = 0D7FA8FF19AF7ED900E377ED /* UIKit.framework */; };
		0D7FA90619AF7ED900E377ED /* InfoPlist.strings in Resources */ = {isa = PBXBuildFile; fileRef = 0D7FA90419AF7ED900E377ED /* InfoPlist.strings */; };
		0D7FA90819AF7ED900E377ED /* main.m in Sources */ = {isa = PBXBuildFile; fileRef = 0D7FA90719AF7ED900E377ED /* main.m */; };
		0D7FA90C19AF7ED900E377ED /* TDLAppDelegate.m in Sources */ = {isa = PBXBuildFile; fileRef = 0D7FA90B19AF7ED900E377ED /* TDLAppDelegate.m */; };
		0D7FA90E19AF7ED900E377ED /* Images.xcassets in Resources */ = {isa = PBXBuildFile; fileRef = 0D7FA90D19AF7ED900E377ED /* Images.xcassets */; };
		0D7FA91519AF7ED900E377ED /* XCTest.framework in Frameworks */ = {isa = PBXBuildFile; fileRef = 0D7FA91419AF7ED900E377ED /* XCTest.framework */; };
		0D7FA91619AF7ED900E377ED /* Foundation.framework in Frameworks */ = {isa = PBXBuildFile; fileRef = 0D7FA8FB19AF7ED900E377ED /* Foundation.framework */; };
		0D7FA91719AF7ED900E377ED /* UIKit.framework in Frameworks */ = {isa = PBXBuildFile; fileRef = 0D7FA8FF19AF7ED900E377ED /* UIKit.framework */; };
		0D7FA91F19AF7ED900E377ED /* InfoPlist.strings in Resources */ = {isa = PBXBuildFile; fileRef = 0D7FA91D19AF7ED900E377ED /* InfoPlist.strings */; };
		0D7FA92119AF7ED900E377ED /* ToDoListTests.m in Sources */ = {isa = PBXBuildFile; fileRef = 0D7FA92019AF7ED900E377ED /* ToDoListTests.m */; };
		0D7FA92B19AFB19000E377ED /* Main.storyboard in Resources */ = {isa = PBXBuildFile; fileRef = 0D7FA92A19AFB19000E377ED /* Main.storyboard */; };
/* End PBXBuildFile section */

/* Begin PBXContainerItemProxy section */
		0D7FA91819AF7ED900E377ED /* PBXContainerItemProxy */ = {
			isa = PBXContainerItemProxy;
			containerPortal = 0D7FA8F019AF7ED800E377ED /* Project object */;
			proxyType = 1;
			remoteGlobalIDString = 0D7FA8F719AF7ED900E377ED;
			remoteInfo = ToDoList;
		};
/* End PBXContainerItemProxy section */

/* Begin PBXFileReference section */
		0D6650FF19CB745B009954BF /* TDLToDoItem.h */ = {isa = PBXFileReference; fileEncoding = 4; lastKnownFileType = sourcecode.c.h; path = TDLToDoItem.h; sourceTree = "<group>"; };
		0D66510019CB745B009954BF /* TDLToDoItem.m */ = {isa = PBXFileReference; fileEncoding = 4; lastKnownFileType = sourcecode.c.objc; path = TDLToDoItem.m; sourceTree = "<group>"; };
		0D694FB519B0E69C0035AA76 /* TDLAddToDoItemViewController.h */ = {isa = PBXFileReference; fileEncoding = 4; lastKnownFileType = sourcecode.c.h; path = TDLAddToDoItemViewController.h; sourceTree = "<group>"; };
		0D694FB619B0E69C0035AA76 /* TDLAddToDoItemViewController.m */ = {isa = PBXFileReference; fileEncoding = 4; lastKnownFileType = sourcecode.c.objc; path = TDLAddToDoItemViewController.m; sourceTree = "<group>"; };
		0D694FB819B0E9260035AA76 /* TDLToDoListTableViewController.h */ = {isa = PBXFileReference; fileEncoding = 4; lastKnownFileType = sourcecode.c.h; path = TDLToDoListTableViewController.h; sourceTree = "<group>"; };
		0D694FB919B0E9260035AA76 /* TDLToDoListTableViewController.m */ = {isa = PBXFileReference; fileEncoding = 4; lastKnownFileType = sourcecode.c.objc; path = TDLToDoListTableViewController.m; sourceTree = "<group>"; };
		0D7FA8F819AF7ED900E377ED /* ToDoList.app */ = {isa = PBXFileReference; explicitFileType = wrapper.application; includeInIndex = 0; path = ToDoList.app; sourceTree = BUILT_PRODUCTS_DIR; };
		0D7FA8FB19AF7ED900E377ED /* Foundation.framework */ = {isa = PBXFileReference; lastKnownFileType = wrapper.framework; name = Foundation.framework; path = System/Library/Frameworks/Foundation.framework; sourceTree = SDKROOT; };
		0D7FA8FD19AF7ED900E377ED /* CoreGraphics.framework */ = {isa = PBXFileReference; lastKnownFileType = wrapper.framework; name = CoreGraphics.framework; path = System/Library/Frameworks/CoreGraphics.framework; sourceTree = SDKROOT; };
		0D7FA8FF19AF7ED900E377ED /* UIKit.framework */ = {isa = PBXFileReference; lastKnownFileType = wrapper.framework; name = UIKit.framework; path = System/Library/Frameworks/UIKit.framework; sourceTree = SDKROOT; };
		0D7FA90319AF7ED900E377ED /* ToDoList-Info.plist */ = {isa = PBXFileReference; lastKnownFileType = text.plist.xml; path = "ToDoList-Info.plist"; sourceTree = "<group>"; };
		0D7FA90519AF7ED900E377ED /* en */ = {isa = PBXFileReference; lastKnownFileType = text.plist.strings; name = en; path = en.lproj/InfoPlist.strings; sourceTree = "<group>"; };
		0D7FA90719AF7ED900E377ED /* main.m */ = {isa = PBXFileReference; lastKnownFileType = sourcecode.c.objc; path = main.m; sourceTree = "<group>"; };
		0D7FA90919AF7ED900E377ED /* ToDoList-Prefix.pch */ = {isa = PBXFileReference; lastKnownFileType = sourcecode.c.h; path = "ToDoList-Prefix.pch"; sourceTree = "<group>"; };
		0D7FA90A19AF7ED900E377ED /* TDLAppDelegate.h */ = {isa = PBXFileReference; lastKnownFileType = sourcecode.c.h; path = TDLAppDelegate.h; sourceTree = "<group>"; };
		0D7FA90B19AF7ED900E377ED /* TDLAppDelegate.m */ = {isa = PBXFileReference; lastKnownFileType = sourcecode.c.objc; path = TDLAppDelegate.m; sourceTree = "<group>"; };
		0D7FA90D19AF7ED900E377ED /* Images.xcassets */ = {isa = PBXFileReference; lastKnownFileType = folder.assetcatalog; path = Images.xcassets; sourceTree = "<group>"; };
		0D7FA91319AF7ED900E377ED /* ToDoListTests.xctest */ = {isa = PBXFileReference; explicitFileType = wrapper.cfbundle; includeInIndex = 0; path = ToDoListTests.xctest; sourceTree = BUILT_PRODUCTS_DIR; };
		0D7FA91419AF7ED900E377ED /* XCTest.framework */ = {isa = PBXFileReference; lastKnownFileType = wrapper.framework; name = XCTest.framework; path = Library/Frameworks/XCTest.framework; sourceTree = DEVELOPER_DIR; };
		0D7FA91C19AF7ED900E377ED /* ToDoListTests-Info.plist */ = {isa = PBXFileReference; lastKnownFileType = text.plist.xml; path = "ToDoListTests-Info.plist"; sourceTree = "<group>"; };
		0D7FA91E19AF7ED900E377ED /* en */ = {isa = PBXFileReference; lastKnownFileType = text.plist.strings; name = en; path = en.lproj/InfoPlist.strings; sourceTree = "<group>"; };
		0D7FA92019AF7ED900E377ED /* ToDoListTests.m */ = {isa = PBXFileReference; lastKnownFileType = sourcecode.c.objc; path = ToDoListTests.m; sourceTree = "<group>"; };
		0D7FA92A19AFB19000E377ED /* Main.storyboard */ = {isa = PBXFileReference; fileEncoding = 4; lastKnownFileType = file.storyboard; path = Main.storyboard; sourceTree = "<group>"; };
/* End PBXFileReference section */

/* Begin PBXFrameworksBuildPhase section */
		0D7FA8F519AF7ED900E377ED /* Frameworks */ = {
			isa = PBXFrameworksBuildPhase;
			buildActionMask = 2147483647;
			files = (
				0D7FA8FE19AF7ED900E377ED /* CoreGraphics.framework in Frameworks */,
				0D7FA90019AF7ED900E377ED /* UIKit.framework in Frameworks */,
				0D7FA8FC19AF7ED900E377ED /* Foundation.framework in Frameworks */,
			);
			runOnlyForDeploymentPostprocessing = 0;
		};
		0D7FA91019AF7ED900E377ED /* Frameworks */ = {
			isa = PBXFrameworksBuildPhase;
			buildActionMask = 2147483647;
			files = (
				0D7FA91519AF7ED900E377ED /* XCTest.framework in Frameworks */,
				0D7FA91719AF7ED900E377ED /* UIKit.framework in Frameworks */,
				0D7FA91619AF7ED900E377ED /* Foundation.framework in Frameworks */,
			);
			runOnlyForDeploymentPostprocessing = 0;
		};
/* End PBXFrameworksBuildPhase section */

/* Begin PBXGroup section */
		0D7FA8EF19AF7ED800E377ED = {
			isa = PBXGroup;
			children = (
				0D7FA90119AF7ED900E377ED /* ToDoList */,
				0D7FA91A19AF7ED900E377ED /* ToDoListTests */,
				0D7FA8FA19AF7ED900E377ED /* Frameworks */,
				0D7FA8F919AF7ED900E377ED /* Products */,
			);
			sourceTree = "<group>";
		};
		0D7FA8F919AF7ED900E377ED /* Products */ = {
			isa = PBXGroup;
			children = (
				0D7FA8F819AF7ED900E377ED /* ToDoList.app */,
				0D7FA91319AF7ED900E377ED /* ToDoListTests.xctest */,
			);
			name = Products;
			sourceTree = "<group>";
		};
		0D7FA8FA19AF7ED900E377ED /* Frameworks */ = {
			isa = PBXGroup;
			children = (
				0D7FA8FB19AF7ED900E377ED /* Foundation.framework */,
				0D7FA8FD19AF7ED900E377ED /* CoreGraphics.framework */,
				0D7FA8FF19AF7ED900E377ED /* UIKit.framework */,
				0D7FA91419AF7ED900E377ED /* XCTest.framework */,
			);
			name = Frameworks;
			sourceTree = "<group>";
		};
		0D7FA90119AF7ED900E377ED /* ToDoList */ = {
			isa = PBXGroup;
			children = (
				0D7FA90A19AF7ED900E377ED /* TDLAppDelegate.h */,
				0D7FA90B19AF7ED900E377ED /* TDLAppDelegate.m */,
				0D6650FF19CB745B009954BF /* TDLToDoItem.h */,
				0D66510019CB745B009954BF /* TDLToDoItem.m */,
				0D7FA92A19AFB19000E377ED /* Main.storyboard */,
				0D694FB819B0E9260035AA76 /* TDLToDoListTableViewController.h */,
				0D694FB919B0E9260035AA76 /* TDLToDoListTableViewController.m */,
				0D694FB519B0E69C0035AA76 /* TDLAddToDoItemViewController.h */,
				0D694FB619B0E69C0035AA76 /* TDLAddToDoItemViewController.m */,
				0D7FA90D19AF7ED900E377ED /* Images.xcassets */,
				0D7FA90219AF7ED900E377ED /* Supporting Files */,
			);
			path = ToDoList;
			sourceTree = "<group>";
		};
		0D7FA90219AF7ED900E377ED /* Supporting Files */ = {
			isa = PBXGroup;
			children = (
				0D7FA90319AF7ED900E377ED /* ToDoList-Info.plist */,
				0D7FA90419AF7ED900E377ED /* InfoPlist.strings */,
				0D7FA90719AF7ED900E377ED /* main.m */,
				0D7FA90919AF7ED900E377ED /* ToDoList-Prefix.pch */,
			);
			name = "Supporting Files";
			sourceTree = "<group>";
		};
		0D7FA91A19AF7ED900E377ED /* ToDoListTests */ = {
			isa = PBXGroup;
			children = (
				0D7FA92019AF7ED900E377ED /* ToDoListTests.m */,
				0D7FA91B19AF7ED900E377ED /* Supporting Files */,
			);
			path = ToDoListTests;
			sourceTree = "<group>";
		};
		0D7FA91B19AF7ED900E377ED /* Supporting Files */ = {
			isa = PBXGroup;
			children = (
				0D7FA91C19AF7ED900E377ED /* ToDoListTests-Info.plist */,
				0D7FA91D19AF7ED900E377ED /* InfoPlist.strings */,
			);
			name = "Supporting Files";
			sourceTree = "<group>";
		};
/* End PBXGroup section */

/* Begin PBXNativeTarget section */
		0D7FA8F719AF7ED900E377ED /* ToDoList */ = {
			isa = PBXNativeTarget;
			buildConfigurationList = 0D7FA92419AF7ED900E377ED /* Build configuration list for PBXNativeTarget "ToDoList" */;
			buildPhases = (
				0D7FA8F419AF7ED900E377ED /* Sources */,
				0D7FA8F519AF7ED900E377ED /* Frameworks */,
				0D7FA8F619AF7ED900E377ED /* Resources */,
			);
			buildRules = (
			);
			dependencies = (
			);
			name = ToDoList;
			productName = ToDoList;
			productReference = 0D7FA8F819AF7ED900E377ED /* ToDoList.app */;
			productType = "com.apple.product-type.application";
		};
		0D7FA91219AF7ED900E377ED /* ToDoListTests */ = {
			isa = PBXNativeTarget;
			buildConfigurationList = 0D7FA92719AF7ED900E377ED /* Build configuration list for PBXNativeTarget "ToDoListTests" */;
			buildPhases = (
				0D7FA90F19AF7ED900E377ED /* Sources */,
				0D7FA91019AF7ED900E377ED /* Frameworks */,
				0D7FA91119AF7ED900E377ED /* Resources */,
			);
			buildRules = (
			);
			dependencies = (
				0D7FA91919AF7ED900E377ED /* PBXTargetDependency */,
			);
			name = ToDoListTests;
			productName = ToDoListTests;
			productReference = 0D7FA91319AF7ED900E377ED /* ToDoListTests.xctest */;
			productType = "com.apple.product-type.bundle.unit-test";
		};
/* End PBXNativeTarget section */

/* Begin PBXProject section */
		0D7FA8F019AF7ED800E377ED /* Project object */ = {
			isa = PBXProject;
			attributes = {
				CLASSPREFIX = TDL;
				LastUpgradeCheck = 0510;
				ORGANIZATIONNAME = "Andrés Ruiz";
				TargetAttributes = {
					0D7FA91219AF7ED900E377ED = {
						TestTargetID = 0D7FA8F719AF7ED900E377ED;
					};
				};
			};
			buildConfigurationList = 0D7FA8F319AF7ED800E377ED /* Build configuration list for PBXProject "ToDoList" */;
			compatibilityVersion = "Xcode 3.2";
			developmentRegion = English;
			hasScannedForEncodings = 0;
			knownRegions = (
				en,
			);
			mainGroup = 0D7FA8EF19AF7ED800E377ED;
			productRefGroup = 0D7FA8F919AF7ED900E377ED /* Products */;
			projectDirPath = "";
			projectRoot = "";
			targets = (
				0D7FA8F719AF7ED900E377ED /* ToDoList */,
				0D7FA91219AF7ED900E377ED /* ToDoListTests */,
			);
		};
/* End PBXProject section */

/* Begin PBXResourcesBuildPhase section */
		0D7FA8F619AF7ED900E377ED /* Resources */ = {
			isa = PBXResourcesBuildPhase;
			buildActionMask = 2147483647;
			files = (
				0D7FA92B19AFB19000E377ED /* Main.storyboard in Resources */,
				0D7FA90619AF7ED900E377ED /* InfoPlist.strings in Resources */,
				0D7FA90E19AF7ED900E377ED /* Images.xcassets in Resources */,
			);
			runOnlyForDeploymentPostprocessing = 0;
		};
		0D7FA91119AF7ED900E377ED /* Resources */ = {
			isa = PBXResourcesBuildPhase;
			buildActionMask = 2147483647;
			files = (
				0D7FA91F19AF7ED900E377ED /* InfoPlist.strings in Resources */,
			);
			runOnlyForDeploymentPostprocessing = 0;
		};
/* End PBXResourcesBuildPhase section */

/* Begin PBXSourcesBuildPhase section */
		0D7FA8F419AF7ED900E377ED /* Sources */ = {
			isa = PBXSourcesBuildPhase;
			buildActionMask = 2147483647;
			files = (
				0D694FBA19B0E9260035AA76 /* TDLToDoListTableViewController.m in Sources */,
				0D7FA90819AF7ED900E377ED /* main.m in Sources */,
				0D694FB719B0E69C0035AA76 /* TDLAddToDoItemViewController.m in Sources */,
				0D66510119CB745B009954BF /* TDLToDoItem.m in Sources */,
				0D7FA90C19AF7ED900E377ED /* TDLAppDelegate.m in Sources */,
			);
			runOnlyForDeploymentPostprocessing = 0;
		};
		0D7FA90F19AF7ED900E377ED /* Sources */ = {
			isa = PBXSourcesBuildPhase;
			buildActionMask = 2147483647;
			files = (
				0D7FA92119AF7ED900E377ED /* ToDoListTests.m in Sources */,
			);
			runOnlyForDeploymentPostprocessing = 0;
		};
/* End PBXSourcesBuildPhase section */

/* Begin PBXTargetDependency section */
		0D7FA91919AF7ED900E377ED /* PBXTargetDependency */ = {
			isa = PBXTargetDependency;
			target = 0D7FA8F719AF7ED900E377ED /* ToDoList */;
			targetProxy = 0D7FA91819AF7ED900E377ED /* PBXContainerItemProxy */;
		};
/* End PBXTargetDependency section */

/* Begin PBXVariantGroup section */
		0D7FA90419AF7ED900E377ED /* InfoPlist.strings */ = {
			isa = PBXVariantGroup;
			children = (
				0D7FA90519AF7ED900E377ED /* en */,
			);
			name = InfoPlist.strings;
			sourceTree = "<group>";
		};
		0D7FA91D19AF7ED900E377ED /* InfoPlist.strings */ = {
			isa = PBXVariantGroup;
			children = (
				0D7FA91E19AF7ED900E377ED /* en */,
			);
			name = InfoPlist.strings;
			sourceTree = "<group>";
		};
/* End PBXVariantGroup section */

/* Begin XCBuildConfiguration section */
		0D7FA92219AF7ED900E377ED /* Debug */ = {
			isa = XCBuildConfiguration;
			buildSettings = {
				ALWAYS_SEARCH_USER_PATHS = NO;
				CLANG_CXX_LANGUAGE_STANDARD = "gnu++0x";
				CLANG_CXX_LIBRARY = "libc++";
				CLANG_ENABLE_MODULES = YES;
				CLANG_ENABLE_OBJC_ARC = YES;
				CLANG_WARN_BOOL_CONVERSION = YES;
				CLANG_WARN_CONSTANT_CONVERSION = YES;
				CLANG_WARN_DIRECT_OBJC_ISA_USAGE = YES_ERROR;
				CLANG_WARN_EMPTY_BODY = YES;
				CLANG_WARN_ENUM_CONVERSION = YES;
				CLANG_WARN_INT_CONVERSION = YES;
				CLANG_WARN_OBJC_ROOT_CLASS = YES_ERROR;
				CLANG_WARN__DUPLICATE_METHOD_MATCH = YES;
				"CODE_SIGN_IDENTITY[sdk=iphoneos*]" = "iPhone Developer";
				COPY_PHASE_STRIP = NO;
				GCC_C_LANGUAGE_STANDARD = gnu99;
				GCC_DYNAMIC_NO_PIC = NO;
				GCC_OPTIMIZATION_LEVEL = 0;
				GCC_PREPROCESSOR_DEFINITIONS = (
					"DEBUG=1",
					"$(inherited)",
				);
				GCC_SYMBOLS_PRIVATE_EXTERN = NO;
				GCC_WARN_64_TO_32_BIT_CONVERSION = YES;
				GCC_WARN_ABOUT_RETURN_TYPE = YES_ERROR;
				GCC_WARN_UNDECLARED_SELECTOR = YES;
				GCC_WARN_UNINITIALIZED_AUTOS = YES_AGGRESSIVE;
				GCC_WARN_UNUSED_FUNCTION = YES;
				GCC_WARN_UNUSED_VARIABLE = YES;
				IPHONEOS_DEPLOYMENT_TARGET = 7.1;
				ONLY_ACTIVE_ARCH = YES;
				SDKROOT = iphoneos;
			};
			name = Debug;
		};
		0D7FA92319AF7ED900E377ED /* Release */ = {
			isa = XCBuildConfiguration;
			buildSettings = {
				ALWAYS_SEARCH_USER_PATHS = NO;
				CLANG_CXX_LANGUAGE_STANDARD = "gnu++0x";
				CLANG_CXX_LIBRARY = "libc++";
				CLANG_ENABLE_MODULES = YES;
				CLANG_ENABLE_OBJC_ARC = YES;
				CLANG_WARN_BOOL_CONVERSION = YES;
				CLANG_WARN_CONSTANT_CONVERSION = YES;
				CLANG_WARN_DIRECT_OBJC_ISA_USAGE = YES_ERROR;
				CLANG_WARN_EMPTY_BODY = YES;
				CLANG_WARN_ENUM_CONVERSION = YES;
				CLANG_WARN_INT_CONVERSION = YES;
				CLANG_WARN_OBJC_ROOT_CLASS = YES_ERROR;
				CLANG_WARN__DUPLICATE_METHOD_MATCH = YES;
				"CODE_SIGN_IDENTITY[sdk=iphoneos*]" = "iPhone Developer";
				COPY_PHASE_STRIP = YES;
				ENABLE_NS_ASSERTIONS = NO;
				GCC_C_LANGUAGE_STANDARD = gnu99;
				GCC_WARN_64_TO_32_BIT_CONVERSION = YES;
				GCC_WARN_ABOUT_RETURN_TYPE = YES_ERROR;
				GCC_WARN_UNDECLARED_SELECTOR = YES;
				GCC_WARN_UNINITIALIZED_AUTOS = YES_AGGRESSIVE;
				GCC_WARN_UNUSED_FUNCTION = YES;
				GCC_WARN_UNUSED_VARIABLE = YES;
				IPHONEOS_DEPLOYMENT_TARGET = 7.1;
				SDKROOT = iphoneos;
				VALIDATE_PRODUCT = YES;
			};
			name = Release;
		};
		0D7FA92519AF7ED900E377ED /* Debug */ = {
			isa = XCBuildConfiguration;
			buildSettings = {
				ASSETCATALOG_COMPILER_APPICON_NAME = AppIcon;
				ASSETCATALOG_COMPILER_LAUNCHIMAGE_NAME = LaunchImage;
				GCC_PRECOMPILE_PREFIX_HEADER = YES;
				GCC_PREFIX_HEADER = "ToDoList/ToDoList-Prefix.pch";
				INFOPLIST_FILE = "ToDoList/ToDoList-Info.plist";
				PRODUCT_NAME = "$(TARGET_NAME)";
				WRAPPER_EXTENSION = app;
			};
			name = Debug;
		};
		0D7FA92619AF7ED900E377ED /* Release */ = {
			isa = XCBuildConfiguration;
			buildSettings = {
				ASSETCATALOG_COMPILER_APPICON_NAME = AppIcon;
				ASSETCATALOG_COMPILER_LAUNCHIMAGE_NAME = LaunchImage;
				GCC_PRECOMPILE_PREFIX_HEADER = YES;
				GCC_PREFIX_HEADER = "ToDoList/ToDoList-Prefix.pch";
				INFOPLIST_FILE = "ToDoList/ToDoList-Info.plist";
				PRODUCT_NAME = "$(TARGET_NAME)";
				WRAPPER_EXTENSION = app;
			};
			name = Release;
		};
		0D7FA92819AF7ED900E377ED /* Debug */ = {
			isa = XCBuildConfiguration;
			buildSettings = {
				BUNDLE_LOADER = "$(BUILT_PRODUCTS_DIR)/ToDoList.app/ToDoList";
				FRAMEWORK_SEARCH_PATHS = (
					"$(SDKROOT)/Developer/Library/Frameworks",
					"$(inherited)",
					"$(DEVELOPER_FRAMEWORKS_DIR)",
				);
				GCC_PRECOMPILE_PREFIX_HEADER = YES;
				GCC_PREFIX_HEADER = "ToDoList/ToDoList-Prefix.pch";
				GCC_PREPROCESSOR_DEFINITIONS = (
					"DEBUG=1",
					"$(inherited)",
				);
				INFOPLIST_FILE = "ToDoListTests/ToDoListTests-Info.plist";
				PRODUCT_NAME = "$(TARGET_NAME)";
				TEST_HOST = "$(BUNDLE_LOADER)";
				WRAPPER_EXTENSION = xctest;
			};
			name = Debug;
		};
		0D7FA92919AF7ED900E377ED /* Release */ = {
			isa = XCBuildConfiguration;
			buildSettings = {
				BUNDLE_LOADER = "$(BUILT_PRODUCTS_DIR)/ToDoList.app/ToDoList";
				FRAMEWORK_SEARCH_PATHS = (
					"$(SDKROOT)/Developer/Library/Frameworks",
					"$(inherited)",
					"$(DEVELOPER_FRAMEWORKS_DIR)",
				);
				GCC_PRECOMPILE_PREFIX_HEADER = YES;
				GCC_PREFIX_HEADER = "ToDoList/ToDoList-Prefix.pch";
				INFOPLIST_FILE = "ToDoListTests/ToDoListTests-Info.plist";
				PRODUCT_NAME = "$(TARGET_NAME)";
				TEST_HOST = "$(BUNDLE_LOADER)";
				WRAPPER_EXTENSION = xctest;
			};
			name = Release;
		};
/* End XCBuildConfiguration section */

/* Begin XCConfigurationList section */
		0D7FA8F319AF7ED800E377ED /* Build configuration list for PBXProject "ToDoList" */ = {
			isa = XCConfigurationList;
			buildConfigurations = (
				0D7FA92219AF7ED900E377ED /* Debug */,
				0D7FA92319AF7ED900E377ED /* Release */,
			);
			defaultConfigurationIsVisible = 0;
			defaultConfigurationName = Release;
		};
		0D7FA92419AF7ED900E377ED /* Build configuration list for PBXNativeTarget "ToDoList" */ = {
			isa = XCConfigurationList;
			buildConfigurations = (
				0D7FA92519AF7ED900E377ED /* Debug */,
				0D7FA92619AF7ED900E377ED /* Release */,
			);
			defaultConfigurationIsVisible = 0;
			defaultConfigurationName = Release;
		};
		0D7FA92719AF7ED900E377ED /* Build configuration list for PBXNativeTarget "ToDoListTests" */ = {
			isa = XCConfigurationList;
			buildConfigurations = (
				0D7FA92819AF7ED900E377ED /* Debug */,
				0D7FA92919AF7ED900E377ED /* Release */,
			);
			defaultConfigurationIsVisible = 0;
			defaultConfigurationName = Release;
		};
/* End XCConfigurationList section */
	};
	rootObject = 0D7FA8F019AF7ED800E377ED /* Project object */;
}
